{
  "name": "sms",
  "version": "1.0.0",
  "lockfileVersion": 1,
  "requires": true,
  "dependencies": {
    "@alicloud/dybaseapi": {
      "version": "1.0.0",
      "resolved": "https://registry.npmjs.org/@alicloud/dybaseapi/-/dybaseapi-1.0.0.tgz",
      "integrity": "sha512-4KEDgqES7IL60T/TWGSkLQkN6BYeHEw8smnPgac2J2MTES5v1ieCWvbLSuUUWi5SAXi7cydKoD4HUOmX7xwM+A==",
      "requires": {
        "@alicloud/pop-core": "^1.3.3"
      }
    },
    "@alicloud/dysmsapi-2017-05-25": {
      "version": "1.0.1",
      "resolved": "http://registry.npmjs.org/@alicloud/dysmsapi-2017-05-25/-/dysmsapi-2017-05-25-1.0.1.tgz",
      "integrity": "sha512-CVX/Yl9ntwkAOHAZa3j2Y/Io+SlbETw/ILv4UPIDCEIQm/N0EEcN2OXF8cWCUvHeu7OgnFWZKhdJY5GsbjWHDA==",
      "requires": {
        "@alicloud/pop-core": "^1.5.1"
      }
    },
    "@alicloud/mns": {
      "version": "1.0.0-beta8",
      "resolved": "https://registry.npmjs.org/@alicloud/mns/-/mns-1.0.0-beta8.tgz",
      "integrity": "sha512-Ilqby5Y5ga23dhk5OoLytXxRmVKwGaumcqcpASHJcQxPnraE2aPfzFkher+bKiibS3clbRmDHJEJVopsLN3BUQ==",
      "requires": {
        "debug": "^2.6.3",
        "httpx": "^2.1.1",
        "kitx": "^1.2.0",
        "xml2js": "^0.4.17"
      },
      "dependencies": {
        "debug": {
          "version": "2.6.9",
          "resolved": "https://registry.npmjs.org/debug/-/debug-2.6.9.tgz",
          "integrity": "sha512-bC7ElrdJaJnPbAP+1EotYvqZsb3ecl5wi6Bfi6BJTUcNowp6cvspg0jXznRTKDjm/E7AdgFBVeAPVMNcKGsHMA==",
          "requires": {
            "ms": "2.0.0"
          }
        },
        "ms": {
          "version": "2.0.0",
          "resolved": "https://registry.npmjs.org/ms/-/ms-2.0.0.tgz",
          "integrity": "sha1-VgiurfwAvmwpAd9fmGF4jeDVl8g="
        }
      }
    },
    "@alicloud/pop-core": {
      "version": "1.7.0",
      "resolved": "https://registry.npmjs.org/@alicloud/pop-core/-/pop-core-1.7.0.tgz",
      "integrity": "sha512-9kFOiSBEEbU6OYHetOHLmEHfFOWR7+PqTW11PpSJkk8Ne1MJ1O+udcTfbxG1e5xv/HiyleXNcNIRRylDL09xmA==",
      "requires": {
        "debug": "^3.1.0",
        "httpx": "^2.1.2",
        "json-bigint": "^0.2.3",
        "kitx": "^1.2.1",
        "xml2js": "^0.4.17"
      }
    },
    "@alicloud/sms-sdk": {
      "version": "1.1.6",
      "resolved": "https://registry.npmjs.org/@alicloud/sms-sdk/-/sms-sdk-1.1.6.tgz",
      "integrity": "sha512-jW5ROjpAtOrNFkZSXb8geJWzkgJ9ggnPx+ve+72eatu78/vad2emdZjRx43/xPqqhA9djRoU3xHQt2xFODiaMQ==",
      "requires": {
        "@alicloud/dybaseapi": "^1.0.0",
        "@alicloud/dysmsapi-2017-05-25": "^1.0.1",
        "@alicloud/mns": "^1.0.0-beta6",
        "babel-runtime": "^6.26.0"
      }
    },
    "babel-runtime": {
      "version": "6.26.0",
      "resolved": "https://registry.npmjs.org/babel-runtime/-/babel-runtime-6.26.0.tgz",
      "integrity": "sha1-llxwWGaOgrVde/4E/yM3vItWR/4=",
      "requires": {
        "core-js": "^2.4.0",
        "regenerator-runtime": "^0.11.0"
      }
    },
    "bignumber.js": {
      "version": "4.1.0",
      "resolved": "https://registry.npmjs.org/bignumber.js/-/bignumber.js-4.1.0.tgz",
      "integrity": "sha512-eJzYkFYy9L4JzXsbymsFn3p54D+llV27oTQ+ziJG7WFRheJcNZilgVXMG0LoZtlQSKBsJdWtLFqOD0u+U0jZKA=="
    },
    "bluebird": {
      "version": "3.5.2",
      "resolved": "https://registry.npmjs.org/bluebird/-/bluebird-3.5.2.tgz",
      "integrity": "sha512-dhHTWMI7kMx5whMQntl7Vr9C6BvV10lFXDAasnqnrMYhXVCzzk6IO9Fo2L75jXHT07WrOngL1WDXOp+yYS91Yg=="
    },
    "core-js": {
      "version": "2.5.7",
      "resolved": "https://registry.npmjs.org/core-js/-/core-js-2.5.7.tgz",
      "integrity": "sha512-RszJCAxg/PP6uzXVXL6BsxSXx/B05oJAQ2vkJRjyjrEcNVycaqOmNb5OTxZPE3xa5gwZduqza6L9JOCenh/Ecw=="
    },
    "debug": {
      "version": "3.2.6",
      "resolved": "https://registry.npmjs.org/debug/-/debug-3.2.6.tgz",
      "integrity": "sha512-mel+jf7nrtEl5Pn1Qx46zARXKDpBbvzezse7p7LqINmdoIk8PYP5SySaxEmYv6TZ0JyEKA1hsCId6DIhgITtWQ==",
      "requires": {
        "ms": "^2.1.1"
      }
    },
    "double-ended-queue": {
      "version": "2.1.0-0",
      "resolved": "https://registry.npmjs.org/double-ended-queue/-/double-ended-queue-2.1.0-0.tgz",
      "integrity": "sha1-ED01J/0xUo9AGIEwyEHv3XgmTlw="
    },
    "httpx": {
      "version": "2.1.4",
      "resolved": "https://registry.npmjs.org/httpx/-/httpx-2.1.4.tgz",
      "integrity": "sha512-L3ZBpwkxz/3lR9pYgzD7rZ2WUe0im0FXvzbKIQz0saSSD1/c/w1QC1aDGD4SaqPqOBUGfP1K3jb9PhAma4LTOQ==",
      "requires": {
        "debug": "^2.2.0"
      },
      "dependencies": {
        "debug": {
          "version": "2.6.9",
          "resolved": "https://registry.npmjs.org/debug/-/debug-2.6.9.tgz",
          "integrity": "sha512-bC7ElrdJaJnPbAP+1EotYvqZsb3ecl5wi6Bfi6BJTUcNowp6cvspg0jXznRTKDjm/E7AdgFBVeAPVMNcKGsHMA==",
          "requires": {
            "ms": "2.0.0"
          }
        },
        "ms": {
          "version": "2.0.0",
          "resolved": "https://registry.npmjs.org/ms/-/ms-2.0.0.tgz",
          "integrity": "sha1-VgiurfwAvmwpAd9fmGF4jeDVl8g="
        }
      }
    },
    "json-bigint": {
      "version": "0.2.3",
      "resolved": "https://registry.npmjs.org/json-bigint/-/json-bigint-0.2.3.tgz",
      "integrity": "sha1-EY1/b/HThlnxn5TPc+ZKdaP5iKg=",
      "requires": {
        "bignumber.js": "^4.0.0"
      }
    },
    "kitx": {
      "version": "1.3.0",
      "resolved": "https://registry.npmjs.org/kitx/-/kitx-1.3.0.tgz",
      "integrity": "sha512-fhBqFlXd0GkKTB+8ayLfpzPUw+LHxZlPAukPNBD1Om7JMeInT+/PxCAf1yLagvD+VKoyWhXtJR68xQkX/a0wOQ=="
    },
    "ms": {
      "version": "2.1.1",
      "resolved": "https://registry.npmjs.org/ms/-/ms-2.1.1.tgz",
      "integrity": "sha512-tgp+dl5cGk28utYktBsrFqA7HKgrhgPsg6Z/EfhWI4gl1Hwq8B/GmY/0oXZ6nF8hDVesS/FpnYaD/kOWhYQvyg=="
    },
    "redis": {
      "version": "2.8.0",
      "resolved": "https://registry.npmjs.org/redis/-/redis-2.8.0.tgz",
      "integrity": "sha512-M1OkonEQwtRmZv4tEWF2VgpG0JWJ8Fv1PhlgT5+B+uNq2cA3Rt1Yt/ryoR+vQNOQcIEgdCdfH0jr3bDpihAw1A==",
      "requires": {
        "double-ended-queue": "^2.1.0-0",
        "redis-commands": "^1.2.0",
        "redis-parser": "^2.6.0"
      }
    },
    "redis-commands": {
      "version": "1.4.0",
      "resolved": "https://registry.npmjs.org/redis-commands/-/redis-commands-1.4.0.tgz",
      "integrity": "sha512-cu8EF+MtkwI4DLIT0x9P8qNTLFhQD4jLfxLR0cCNkeGzs87FN6879JOJwNQR/1zD7aSYNbU0hgsV9zGY71Itvw=="
    },
    "redis-parser": {
      "version": "2.6.0",
      "resolved": "https://registry.npmjs.org/redis-parser/-/redis-parser-2.6.0.tgz",
      "integrity": "sha1-Uu0J2srBCPGmMcB+m2mUHnoZUEs="
    },
    "regenerator-runtime": {
      "version": "0.11.1",
      "resolved": "https://registry.npmjs.org/regenerator-runtime/-/regenerator-runtime-0.11.1.tgz",
      "integrity": "sha512-MguG95oij0fC3QV3URf4V2SDYGJhJnJGqvIIgdECeODCT98wSWDAJ94SSuVpYQUoTcGUIL6L4yNB7j1DFFHSBg=="
    },
    "sax": {
      "version": "1.2.4",
      "resolved": "https://registry.npmjs.org/sax/-/sax-1.2.4.tgz",
      "integrity": "sha512-NqVDv9TpANUjFm0N8uM5GxL36UgKi9/atZw+x7YFnQ8ckwFGKrl4xX4yWtrey3UJm5nP1kUbnYgLopqWNSRhWw=="
    },
    "xml2js": {
      "version": "0.4.19",
      "resolved": "https://registry.npmjs.org/xml2js/-/xml2js-0.4.19.tgz",
      "integrity": "sha512-esZnJZJOiJR9wWKMyuvSE1y6Dq5LCuJanqhxslH2bxM6duahNZ+HMpCLhBQGZkbX6xRf8x1Y2eJlgt2q3qo49Q==",
      "requires": {
        "sax": ">=0.6.0",
        "xmlbuilder": "~9.0.1"
      }
    },
    "xmlbuilder": {
      "version": "9.0.7",
      "resolved": "http://registry.npmjs.org/xmlbuilder/-/xmlbuilder-9.0.7.tgz",
      "integrity": "sha1-Ey7mPS7FVlxVfiD0wi35rKaGsQ0="
    }
  }
}
